// !$*UTF8*$!
{
	archiveVersion = 1;
	classes = {
	};
	objectVersion = 46;
	objects = {

/* Begin PBXBuildFile section */
		68F735B0185E327B00D28DDE /* Foundation.framework in Frameworks */ = {isa = PBXBuildFile; fileRef = 68F735AF185E327B00D28DDE /* Foundation.framework */; };
		68F735B2185E327B00D28DDE /* CoreGraphics.framework in Frameworks */ = {isa = PBXBuildFile; fileRef = 68F735B1185E327B00D28DDE /* CoreGraphics.framework */; };
		68F735B4185E327B00D28DDE /* UIKit.framework in Frameworks */ = {isa = PBXBuildFile; fileRef = 68F735B3185E327B00D28DDE /* UIKit.framework */; };
		68F735B6185E327B00D28DDE /* CoreData.framework in Frameworks */ = {isa = PBXBuildFile; fileRef = 68F735B5185E327B00D28DDE /* CoreData.framework */; };
		68F735BC185E327B00D28DDE /* InfoPlist.strings in Resources */ = {isa = PBXBuildFile; fileRef = 68F735BA185E327B00D28DDE /* InfoPlist.strings */; };
		68F735BE185E327B00D28DDE /* main.m in Sources */ = {isa = PBXBuildFile; fileRef = 68F735BD185E327B00D28DDE /* main.m */; };
		68F735C2185E327C00D28DDE /* AppDelegate.m in Sources */ = {isa = PBXBuildFile; fileRef = 68F735C1185E327C00D28DDE /* AppDelegate.m */; };
		68F735C5185E327C00D28DDE /* Main_iPhone.storyboard in Resources */ = {isa = PBXBuildFile; fileRef = 68F735C3185E327C00D28DDE /* Main_iPhone.storyboard */; };
		68F735C8185E327C00D28DDE /* Main_iPad.storyboard in Resources */ = {isa = PBXBuildFile; fileRef = 68F735C6185E327C00D28DDE /* Main_iPad.storyboard */; };
		68F735CB185E327C00D28DDE /* ControllingSource.xcdatamodeld in Sources */ = {isa = PBXBuildFile; fileRef = 68F735C9185E327C00D28DDE /* ControllingSource.xcdatamodeld */; };
		68F735CE185E327C00D28DDE /* MasterViewController.m in Sources */ = {isa = PBXBuildFile; fileRef = 68F735CD185E327C00D28DDE /* MasterViewController.m */; };
		68F735D1185E327C00D28DDE /* DetailViewController.m in Sources */ = {isa = PBXBuildFile; fileRef = 68F735D0185E327C00D28DDE /* DetailViewController.m */; };
		68F735D3185E327C00D28DDE /* Images.xcassets in Resources */ = {isa = PBXBuildFile; fileRef = 68F735D2185E327C00D28DDE /* Images.xcassets */; };
		68F735DA185E327C00D28DDE /* XCTest.framework in Frameworks */ = {isa = PBXBuildFile; fileRef = 68F735D9185E327C00D28DDE /* XCTest.framework */; };
		68F735DB185E327C00D28DDE /* Foundation.framework in Frameworks */ = {isa = PBXBuildFile; fileRef = 68F735AF185E327B00D28DDE /* Foundation.framework */; };
		68F735DC185E327C00D28DDE /* UIKit.framework in Frameworks */ = {isa = PBXBuildFile; fileRef = 68F735B3185E327B00D28DDE /* UIKit.framework */; };
		68F735DD185E327C00D28DDE /* CoreData.framework in Frameworks */ = {isa = PBXBuildFile; fileRef = 68F735B5185E327B00D28DDE /* CoreData.framework */; };
		68F735E5185E327C00D28DDE /* InfoPlist.strings in Resources */ = {isa = PBXBuildFile; fileRef = 68F735E3185E327C00D28DDE /* InfoPlist.strings */; };
		68F735E7185E327C00D28DDE /* ControllingSourceTests.m in Sources */ = {isa = PBXBuildFile; fileRef = 68F735E6185E327C00D28DDE /* ControllingSourceTests.m */; };
/* End PBXBuildFile section */

/* Begin PBXContainerItemProxy section */
		68F735DE185E327C00D28DDE /* PBXContainerItemProxy */ = {
			isa = PBXContainerItemProxy;
			containerPortal = 68F735A4185E327B00D28DDE /* Project object */;
			proxyType = 1;
			remoteGlobalIDString = 68F735AB185E327B00D28DDE;
			remoteInfo = ControllingSource;
		};
/* End PBXContainerItemProxy section */

/* Begin PBXFileReference section */
		68F735AC185E327B00D28DDE /* ControllingSource.app */ = {isa = PBXFileReference; explicitFileType = wrapper.application; includeInIndex = 0; path = ControllingSource.app; sourceTree = BUILT_PRODUCTS_DIR; };
		68F735AF185E327B00D28DDE /* Foundation.framework */ = {isa = PBXFileReference; lastKnownFileType = wrapper.framework; name = Foundation.framework; path = System/Library/Frameworks/Foundation.framework; sourceTree = SDKROOT; };
		68F735B1185E327B00D28DDE /* CoreGraphics.framework */ = {isa = PBXFileReference; lastKnownFileType = wrapper.framework; name = CoreGraphics.framework; path = System/Library/Frameworks/CoreGraphics.framework; sourceTree = SDKROOT; };
		68F735B3185E327B00D28DDE /* UIKit.framework */ = {isa = PBXFileReference; lastKnownFileType = wrapper.framework; name = UIKit.framework; path = System/Library/Frameworks/UIKit.framework; sourceTree = SDKROOT; };
		68F735B5185E327B00D28DDE /* CoreData.framework */ = {isa = PBXFileReference; lastKnownFileType = wrapper.framework; name = CoreData.framework; path = System/Library/Frameworks/CoreData.framework; sourceTree = SDKROOT; };
		68F735B9185E327B00D28DDE /* ControllingSource-Info.plist */ = {isa = PBXFileReference; lastKnownFileType = text.plist.xml; path = "ControllingSource-Info.plist"; sourceTree = "<group>"; };
		68F735BB185E327B00D28DDE /* en */ = {isa = PBXFileReference; lastKnownFileType = text.plist.strings; name = en; path = en.lproj/InfoPlist.strings; sourceTree = "<group>"; };
		68F735BD185E327B00D28DDE /* main.m */ = {isa = PBXFileReference; lastKnownFileType = sourcecode.c.objc; path = main.m; sourceTree = "<group>"; };
		68F735BF185E327B00D28DDE /* ControllingSource-Prefix.pch */ = {isa = PBXFileReference; lastKnownFileType = sourcecode.c.h; path = "ControllingSource-Prefix.pch"; sourceTree = "<group>"; };
		68F735C0185E327B00D28DDE /* AppDelegate.h */ = {isa = PBXFileReference; lastKnownFileType = sourcecode.c.h; path = AppDelegate.h; sourceTree = "<group>"; };
		68F735C1185E327C00D28DDE /* AppDelegate.m */ = {isa = PBXFileReference; lastKnownFileType = sourcecode.c.objc; path = AppDelegate.m; sourceTree = "<group>"; };
		68F735C4185E327C00D28DDE /* Base */ = {isa = PBXFileReference; lastKnownFileType = file.storyboard; name = Base; path = Base.lproj/Main_iPhone.storyboard; sourceTree = "<group>"; };
		68F735C7185E327C00D28DDE /* Base */ = {isa = PBXFileReference; lastKnownFileType = file.storyboard; name = Base; path = Base.lproj/Main_iPad.storyboard; sourceTree = "<group>"; };
		68F735CA185E327C00D28DDE /* ControllingSource.xcdatamodel */ = {isa = PBXFileReference; lastKnownFileType = wrapper.xcdatamodel; path = ControllingSource.xcdatamodel; sourceTree = "<group>"; };
		68F735CC185E327C00D28DDE /* MasterViewController.h */ = {isa = PBXFileReference; lastKnownFileType = sourcecode.c.h; path = MasterViewController.h; sourceTree = "<group>"; };
		68F735CD185E327C00D28DDE /* MasterViewController.m */ = {isa = PBXFileReference; lastKnownFileType = sourcecode.c.objc; path = MasterViewController.m; sourceTree = "<group>"; };
		68F735CF185E327C00D28DDE /* DetailViewController.h */ = {isa = PBXFileReference; lastKnownFileType = sourcecode.c.h; path = DetailViewController.h; sourceTree = "<group>"; };
		68F735D0185E327C00D28DDE /* DetailViewController.m */ = {isa = PBXFileReference; lastKnownFileType = sourcecode.c.objc; path = DetailViewController.m; sourceTree = "<group>"; };
		68F735D2185E327C00D28DDE /* Images.xcassets */ = {isa = PBXFileReference; lastKnownFileType = folder.assetcatalog; path = Images.xcassets; sourceTree = "<group>"; };
		68F735D8185E327C00D28DDE /* ControllingSourceTests.xctest */ = {isa = PBXFileReference; explicitFileType = wrapper.cfbundle; includeInIndex = 0; path = ControllingSourceTests.xctest; sourceTree = BUILT_PRODUCTS_DIR; };
		68F735D9185E327C00D28DDE /* XCTest.framework */ = {isa = PBXFileReference; lastKnownFileType = wrapper.framework; name = XCTest.framework; path = Library/Frameworks/XCTest.framework; sourceTree = DEVELOPER_DIR; };
		68F735E2185E327C00D28DDE /* ControllingSourceTests-Info.plist */ = {isa = PBXFileReference; lastKnownFileType = text.plist.xml; path = "ControllingSourceTests-Info.plist"; sourceTree = "<group>"; };
		68F735E4185E327C00D28DDE /* en */ = {isa = PBXFileReference; lastKnownFileType = text.plist.strings; name = en; path = en.lproj/InfoPlist.strings; sourceTree = "<group>"; };
		68F735E6185E327C00D28DDE /* ControllingSourceTests.m */ = {isa = PBXFileReference; lastKnownFileType = sourcecode.c.objc; path = ControllingSourceTests.m; sourceTree = "<group>"; };
/* End PBXFileReference section */

/* Begin PBXFrameworksBuildPhase section */
		68F735A9185E327B00D28DDE /* Frameworks */ = {
			isa = PBXFrameworksBuildPhase;
			buildActionMask = 2147483647;
			files = (
				68F735B2185E327B00D28DDE /* CoreGraphics.framework in Frameworks */,
				68F735B6185E327B00D28DDE /* CoreData.framework in Frameworks */,
				68F735B4185E327B00D28DDE /* UIKit.framework in Frameworks */,
				68F735B0185E327B00D28DDE /* Foundation.framework in Frameworks */,
			);
			runOnlyForDeploymentPostprocessing = 0;
		};
		68F735D5185E327C00D28DDE /* Frameworks */ = {
			isa = PBXFrameworksBuildPhase;
			buildActionMask = 2147483647;
			files = (
				68F735DA185E327C00D28DDE /* XCTest.framework in Frameworks */,
				68F735DD185E327C00D28DDE /* CoreData.framework in Frameworks */,
				68F735DC185E327C00D28DDE /* UIKit.framework in Frameworks */,
				68F735DB185E327C00D28DDE /* Foundation.framework in Frameworks */,
			);
			runOnlyForDeploymentPostprocessing = 0;
		};
/* End PBXFrameworksBuildPhase section */

/* Begin PBXGroup section */
		68F735A3185E327B00D28DDE = {
			isa = PBXGroup;
			children = (
				68F735B7185E327B00D28DDE /* ControllingSource */,
				68F735E0185E327C00D28DDE /* ControllingSourceTests */,
				68F735AE185E327B00D28DDE /* Frameworks */,
				68F735AD185E327B00D28DDE /* Products */,
			);
			sourceTree = "<group>";
		};
		68F735AD185E327B00D28DDE /* Products */ = {
			isa = PBXGroup;
			children = (
				68F735AC185E327B00D28DDE /* ControllingSource.app */,
				68F735D8185E327C00D28DDE /* ControllingSourceTests.xctest */,
			);
			name = Products;
			sourceTree = "<group>";
		};
		68F735AE185E327B00D28DDE /* Frameworks */ = {
			isa = PBXGroup;
			children = (
				68F735AF185E327B00D28DDE /* Foundation.framework */,
				68F735B1185E327B00D28DDE /* CoreGraphics.framework */,
				68F735B3185E327B00D28DDE /* UIKit.framework */,
				68F735B5185E327B00D28DDE /* CoreData.framework */,
				68F735D9185E327C00D28DDE /* XCTest.framework */,
			);
			name = Frameworks;
			sourceTree = "<group>";
		};
		68F735B7185E327B00D28DDE /* ControllingSource */ = {
			isa = PBXGroup;
			children = (
				68F735C0185E327B00D28DDE /* AppDelegate.h */,
				68F735C1185E327C00D28DDE /* AppDelegate.m */,
				68F735C3185E327C00D28DDE /* Main_iPhone.storyboard */,
				68F735C6185E327C00D28DDE /* Main_iPad.storyboard */,
				68F735CC185E327C00D28DDE /* MasterViewController.h */,
				68F735CD185E327C00D28DDE /* MasterViewController.m */,
				68F735CF185E327C00D28DDE /* DetailViewController.h */,
				68F735D0185E327C00D28DDE /* DetailViewController.m */,
				68F735D2185E327C00D28DDE /* Images.xcassets */,
				68F735C9185E327C00D28DDE /* ControllingSource.xcdatamodeld */,
				68F735B8185E327B00D28DDE /* Supporting Files */,
			);
			path = ControllingSource;
			sourceTree = "<group>";
		};
		68F735B8185E327B00D28DDE /* Supporting Files */ = {
			isa = PBXGroup;
			children = (
				68F735B9185E327B00D28DDE /* ControllingSource-Info.plist */,
				68F735BA185E327B00D28DDE /* InfoPlist.strings */,
				68F735BD185E327B00D28DDE /* main.m */,
				68F735BF185E327B00D28DDE /* ControllingSource-Prefix.pch */,
			);
			name = "Supporting Files";
			sourceTree = "<group>";
		};
		68F735E0185E327C00D28DDE /* ControllingSourceTests */ = {
			isa = PBXGroup;
			children = (
				68F735E6185E327C00D28DDE /* ControllingSourceTests.m */,
				68F735E1185E327C00D28DDE /* Supporting Files */,
			);
			path = ControllingSourceTests;
			sourceTree = "<group>";
		};
		68F735E1185E327C00D28DDE /* Supporting Files */ = {
			isa = PBXGroup;
			children = (
				68F735E2185E327C00D28DDE /* ControllingSourceTests-Info.plist */,
				68F735E3185E327C00D28DDE /* InfoPlist.strings */,
			);
			name = "Supporting Files";
			sourceTree = "<group>";
		};
/* End PBXGroup section */

/* Begin PBXNativeTarget section */
		68F735AB185E327B00D28DDE /* ControllingSource */ = {
			isa = PBXNativeTarget;
			buildConfigurationList = 68F735EA185E327C00D28DDE /* Build configuration list for PBXNativeTarget "ControllingSource" */;
			buildPhases = (
				68F735A8185E327B00D28DDE /* Sources */,
				68F735A9185E327B00D28DDE /* Frameworks */,
				68F735AA185E327B00D28DDE /* Resources */,
			);
			buildRules = (
			);
			dependencies = (
			);
			name = ControllingSource;
			productName = ControllingSource;
			productReference = 68F735AC185E327B00D28DDE /* ControllingSource.app */;
			productType = "com.apple.product-type.application";
		};
		68F735D7185E327C00D28DDE /* ControllingSourceTests */ = {
			isa = PBXNativeTarget;
			buildConfigurationList = 68F735ED185E327C00D28DDE /* Build configuration list for PBXNativeTarget "ControllingSourceTests" */;
			buildPhases = (
				68F735D4185E327C00D28DDE /* Sources */,
				68F735D5185E327C00D28DDE /* Frameworks */,
				68F735D6185E327C00D28DDE /* Resources */,
			);
			buildRules = (
			);
			dependencies = (
				68F735DF185E327C00D28DDE /* PBXTargetDependency */,
			);
			name = ControllingSourceTests;
			productName = ControllingSourceTests;
			productReference = 68F735D8185E327C00D28DDE /* ControllingSourceTests.xctest */;
			productType = "com.apple.product-type.bundle.unit-test";
		};
/* End PBXNativeTarget section */

/* Begin PBXProject section */
		68F735A4185E327B00D28DDE /* Project object */ = {
			isa = PBXProject;
			attributes = {
				LastUpgradeCheck = 0500;
				ORGANIZATIONNAME = Symphny;
				TargetAttributes = {
					68F735D7185E327C00D28DDE = {
						TestTargetID = 68F735AB185E327B00D28DDE;
					};
				};
			};
			buildConfigurationList = 68F735A7185E327B00D28DDE /* Build configuration list for PBXProject "ControllingSource" */;
			compatibilityVersion = "Xcode 3.2";
			developmentRegion = English;
			hasScannedForEncodings = 0;
			knownRegions = (
				en,
				Base,
			);
			mainGroup = 68F735A3185E327B00D28DDE;
			productRefGroup = 68F735AD185E327B00D28DDE /* Products */;
			projectDirPath = "";
			projectRoot = "";
			targets = (
				68F735AB185E327B00D28DDE /* ControllingSource */,
				68F735D7185E327C00D28DDE /* ControllingSourceTests */,
			);
		};
/* End PBXProject section */

/* Begin PBXResourcesBuildPhase section */
		68F735AA185E327B00D28DDE /* Resources */ = {
			isa = PBXResourcesBuildPhase;
			buildActionMask = 2147483647;
			files = (
				68F735C8185E327C00D28DDE /* Main_iPad.storyboard in Resources */,
				68F735D3185E327C00D28DDE /* Images.xcassets in Resources */,
				68F735C5185E327C00D28DDE /* Main_iPhone.storyboard in Resources */,
				68F735BC185E327B00D28DDE /* InfoPlist.strings in Resources */,
			);
			runOnlyForDeploymentPostprocessing = 0;
		};
		68F735D6185E327C00D28DDE /* Resources */ = {
			isa = PBXResourcesBuildPhase;
			buildActionMask = 2147483647;
			files = (
				68F735E5185E327C00D28DDE /* InfoPlist.strings in Resources */,
			);
			runOnlyForDeploymentPostprocessing = 0;
		};
/* End PBXResourcesBuildPhase section */

/* Begin PBXSourcesBuildPhase section */
		68F735A8185E327B00D28DDE /* Sources */ = {
			isa = PBXSourcesBuildPhase;
			buildActionMask = 2147483647;
			files = (
				68F735D1185E327C00D28DDE /* DetailViewController.m in Sources */,
				68F735CE185E327C00D28DDE /* MasterViewController.m in Sources */,
				68F735CB185E327C00D28DDE /* ControllingSource.xcdatamodeld in Sources */,
				68F735C2185E327C00D28DDE /* AppDelegate.m in Sources */,
				68F735BE185E327B00D28DDE /* main.m in Sources */,
			);
			runOnlyForDeploymentPostprocessing = 0;
		};
		68F735D4185E327C00D28DDE /* Sources */ = {
			isa = PBXSourcesBuildPhase;
			buildActionMask = 2147483647;
			files = (
				68F735E7185E327C00D28DDE /* ControllingSourceTests.m in Sources */,
			);
			runOnlyForDeploymentPostprocessing = 0;
		};
/* End PBXSourcesBuildPhase section */

/* Begin PBXTargetDependency section */
		68F735DF185E327C00D28DDE /* PBXTargetDependency */ = {
			isa = PBXTargetDependency;
			target = 68F735AB185E327B00D28DDE /* ControllingSource */;
			targetProxy = 68F735DE185E327C00D28DDE /* PBXContainerItemProxy */;
		};
/* End PBXTargetDependency section */

/* Begin PBXVariantGroup section */
		68F735BA185E327B00D28DDE /* InfoPlist.strings */ = {
			isa = PBXVariantGroup;
			children = (
				68F735BB185E327B00D28DDE /* en */,
			);
			name = InfoPlist.strings;
			sourceTree = "<group>";
		};
		68F735C3185E327C00D28DDE /* Main_iPhone.storyboard */ = {
			isa = PBXVariantGroup;
			children = (
				68F735C4185E327C00D28DDE /* Base */,
			);
			name = Main_iPhone.storyboard;
			sourceTree = "<group>";
		};
		68F735C6185E327C00D28DDE /* Main_iPad.storyboard */ = {
			isa = PBXVariantGroup;
			children = (
				68F735C7185E327C00D28DDE /* Base */,
			);
			name = Main_iPad.storyboard;
			sourceTree = "<group>";
		};
		68F735E3185E327C00D28DDE /* InfoPlist.strings */ = {
			isa = PBXVariantGroup;
			children = (
				68F735E4185E327C00D28DDE /* en */,
			);
			name = InfoPlist.strings;
			sourceTree = "<group>";
		};
/* End PBXVariantGroup section */

/* Begin XCBuildConfiguration section */
		68F735E8185E327C00D28DDE /* Debug */ = {
			isa = XCBuildConfiguration;
			buildSettings = {
				ALWAYS_SEARCH_USER_PATHS = NO;
				ARCHS = "$(ARCHS_STANDARD_INCLUDING_64_BIT)";
				CLANG_CXX_LANGUAGE_STANDARD = "gnu++0x";
				CLANG_CXX_LIBRARY = "libc++";
				CLANG_ENABLE_MODULES = YES;
				CLANG_ENABLE_OBJC_ARC = YES;
				CLANG_WARN_BOOL_CONVERSION = YES;
				CLANG_WARN_CONSTANT_CONVERSION = YES;
				CLANG_WARN_DIRECT_OBJC_ISA_USAGE = YES_ERROR;
				CLANG_WARN_EMPTY_BODY = YES;
				CLANG_WARN_ENUM_CONVERSION = YES;
				CLANG_WARN_INT_CONVERSION = YES;
				CLANG_WARN_OBJC_ROOT_CLASS = YES_ERROR;
				CLANG_WARN__DUPLICATE_METHOD_MATCH = YES;
				"CODE_SIGN_IDENTITY[sdk=iphoneos*]" = "iPhone Developer";
				COPY_PHASE_STRIP = NO;
				GCC_C_LANGUAGE_STANDARD = gnu99;
				GCC_DYNAMIC_NO_PIC = NO;
				GCC_OPTIMIZATION_LEVEL = 0;
				GCC_PREPROCESSOR_DEFINITIONS = (
					"DEBUG=1",
					"$(inherited)",
				);
				GCC_SYMBOLS_PRIVATE_EXTERN = NO;
				GCC_WARN_64_TO_32_BIT_CONVERSION = YES;
				GCC_WARN_ABOUT_RETURN_TYPE = YES_ERROR;
				GCC_WARN_UNDECLARED_SELECTOR = YES;
				GCC_WARN_UNINITIALIZED_AUTOS = YES;
				GCC_WARN_UNUSED_FUNCTION = YES;
				GCC_WARN_UNUSED_VARIABLE = YES;
				IPHONEOS_DEPLOYMENT_TARGET = 7.0;
				ONLY_ACTIVE_ARCH = YES;
				SDKROOT = iphoneos;
				TARGETED_DEVICE_FAMILY = "1,2";
			};
			name = Debug;
		};
		68F735E9185E327C00D28DDE /* Release */ = {
			isa = XCBuildConfiguration;
			buildSettings = {
				ALWAYS_SEARCH_USER_PATHS = NO;
				ARCHS = "$(ARCHS_STANDARD_INCLUDING_64_BIT)";
				CLANG_CXX_LANGUAGE_STANDARD = "gnu++0x";
				CLANG_CXX_LIBRARY = "libc++";
				CLANG_ENABLE_MODULES = YES;
				CLANG_ENABLE_OBJC_ARC = YES;
				CLANG_WARN_BOOL_CONVERSION = YES;
				CLANG_WARN_CONSTANT_CONVERSION = YES;
				CLANG_WARN_DIRECT_OBJC_ISA_USAGE = YES_ERROR;
				CLANG_WARN_EMPTY_BODY = YES;
				CLANG_WARN_ENUM_CONVERSION = YES;
				CLANG_WARN_INT_CONVERSION = YES;
				CLANG_WARN_OBJC_ROOT_CLASS = YES_ERROR;
				CLANG_WARN__DUPLICATE_METHOD_MATCH = YES;
				"CODE_SIGN_IDENTITY[sdk=iphoneos*]" = "iPhone Developer";
				COPY_PHASE_STRIP = YES;
				ENABLE_NS_ASSERTIONS = NO;
				GCC_C_LANGUAGE_STANDARD = gnu99;
				GCC_WARN_64_TO_32_BIT_CONVERSION = YES;
				GCC_WARN_ABOUT_RETURN_TYPE = YES_ERROR;
				GCC_WARN_UNDECLARED_SELECTOR = YES;
				GCC_WARN_UNINITIALIZED_AUTOS = YES;
				GCC_WARN_UNUSED_FUNCTION = YES;
				GCC_WARN_UNUSED_VARIABLE = YES;
				IPHONEOS_DEPLOYMENT_TARGET = 7.0;
				SDKROOT = iphoneos;
				TARGETED_DEVICE_FAMILY = "1,2";
				VALIDATE_PRODUCT = YES;
			};
			name = Release;
		};
		68F735EB185E327C00D28DDE /* Debug */ = {
			isa = XCBuildConfiguration;
			buildSettings = {
				ASSETCATALOG_COMPILER_APPICON_NAME = AppIcon;
				ASSETCATALOG_COMPILER_LAUNCHIMAGE_NAME = LaunchImage;
				GCC_PRECOMPILE_PREFIX_HEADER = YES;
				GCC_PREFIX_HEADER = "ControllingSource/ControllingSource-Prefix.pch";
				INFOPLIST_FILE = "ControllingSource/ControllingSource-Info.plist";
				PRODUCT_NAME = "$(TARGET_NAME)";
				WRAPPER_EXTENSION = app;
			};
			name = Debug;
		};
		68F735EC185E327C00D28DDE /* Release */ = {
			isa = XCBuildConfiguration;
			buildSettings = {
				ASSETCATALOG_COMPILER_APPICON_NAME = AppIcon;
				ASSETCATALOG_COMPILER_LAUNCHIMAGE_NAME = LaunchImage;
				GCC_PRECOMPILE_PREFIX_HEADER = YES;
				GCC_PREFIX_HEADER = "ControllingSource/ControllingSource-Prefix.pch";
				INFOPLIST_FILE = "ControllingSource/ControllingSource-Info.plist";
				PRODUCT_NAME = "$(TARGET_NAME)";
				WRAPPER_EXTENSION = app;
			};
			name = Release;
		};
		68F735EE185E327C00D28DDE /* Debug */ = {
			isa = XCBuildConfiguration;
			buildSettings = {
				ARCHS = "$(ARCHS_STANDARD_INCLUDING_64_BIT)";
				BUNDLE_LOADER = "$(BUILT_PRODUCTS_DIR)/ControllingSource.app/ControllingSource";
				FRAMEWORK_SEARCH_PATHS = (
					"$(SDKROOT)/Developer/Library/Frameworks",
					"$(inherited)",
					"$(DEVELOPER_FRAMEWORKS_DIR)",
				);
				GCC_PRECOMPILE_PREFIX_HEADER = YES;
				GCC_PREFIX_HEADER = "ControllingSource/ControllingSource-Prefix.pch";
				GCC_PREPROCESSOR_DEFINITIONS = (
					"DEBUG=1",
					"$(inherited)",
				);
				INFOPLIST_FILE = "ControllingSourceTests/ControllingSourceTests-Info.plist";
				PRODUCT_NAME = "$(TARGET_NAME)";
				TEST_HOST = "$(BUNDLE_LOADER)";
				WRAPPER_EXTENSION = xctest;
			};
			name = Debug;
		};
		68F735EF185E327C00D28DDE /* Release */ = {
			isa = XCBuildConfiguration;
			buildSettings = {
				ARCHS = "$(ARCHS_STANDARD_INCLUDING_64_BIT)";
				BUNDLE_LOADER = "$(BUILT_PRODUCTS_DIR)/ControllingSource.app/ControllingSource";
				FRAMEWORK_SEARCH_PATHS = (
					"$(SDKROOT)/Developer/Library/Frameworks",
					"$(inherited)",
					"$(DEVELOPER_FRAMEWORKS_DIR)",
				);
				GCC_PRECOMPILE_PREFIX_HEADER = YES;
				GCC_PREFIX_HEADER = "ControllingSource/ControllingSource-Prefix.pch";
				INFOPLIST_FILE = "ControllingSourceTests/ControllingSourceTests-Info.plist";
				PRODUCT_NAME = "$(TARGET_NAME)";
				TEST_HOST = "$(BUNDLE_LOADER)";
				WRAPPER_EXTENSION = xctest;
			};
			name = Release;
		};
/* End XCBuildConfiguration section */

/* Begin XCConfigurationList section */
		68F735A7185E327B00D28DDE /* Build configuration list for PBXProject "ControllingSource" */ = {
			isa = XCConfigurationList;
			buildConfigurations = (
				68F735E8185E327C00D28DDE /* Debug */,
				68F735E9185E327C00D28DDE /* Release */,
			);
			defaultConfigurationIsVisible = 0;
			defaultConfigurationName = Release;
		};
		68F735EA185E327C00D28DDE /* Build configuration list for PBXNativeTarget "ControllingSource" */ = {
			isa = XCConfigurationList;
			buildConfigurations = (
				68F735EB185E327C00D28DDE /* Debug */,
				68F735EC185E327C00D28DDE /* Release */,
			);
			defaultConfigurationIsVisible = 0;
		};
		68F735ED185E327C00D28DDE /* Build configuration list for PBXNativeTarget "ControllingSourceTests" */ = {
			isa = XCConfigurationList;
			buildConfigurations = (
				68F735EE185E327C00D28DDE /* Debug */,
				68F735EF185E327C00D28DDE /* Release */,
			);
			defaultConfigurationIsVisible = 0;
		};
/* End XCConfigurationList section */

/* Begin XCVersionGroup section */
		68F735C9185E327C00D28DDE /* ControllingSource.xcdatamodeld */ = {
			isa = XCVersionGroup;
			children = (
				68F735CA185E327C00D28DDE /* ControllingSource.xcdatamodel */,
			);
			currentVersion = 68F735CA185E327C00D28DDE /* ControllingSource.xcdatamodel */;
			path = ControllingSource.xcdatamodeld;
			sourceTree = "<group>";
			versionGroupType = wrapper.xcdatamodel;
		};
/* End XCVersionGroup section */
	};
	rootObject = 68F735A4185E327B00D28DDE /* Project object */;
}
